
Microsoft Visual Studio Solution File, Format Version 12.00
# Visual Studio 14
VisualStudioVersion = 14.0.25420.1
MinimumVisualStudioVersion = 10.0.40219.1
Project("{FAE04EC0-301F-11D3-BF4B-00C04F79EFBC}") = "C4rm4x.Tools.Utilities", "C4rm4x.Tools.Utilities\C4rm4x.Tools.Utilities.csproj", "{FA3BAA38-4659-4EA0-AB24-98DF3DA09F7F}"
EndProject
Project("{2150E333-8FDC-42A3-9474-1A3956D46DE8}") = "Tests", "Tests", "{F252BFEA-9F85-4B29-8AB5-71F821A67E42}"
EndProject
Project("{FAE04EC0-301F-11D3-BF4B-00C04F79EFBC}") = "C4rm4x.Tools.Utilities.Test", "C4rm4x.Tools.Utilities.Test\C4rm4x.Tools.Utilities.Test.csproj", "{A02CDAFE-F57E-49B7-9A4F-96B50487C5CB}"
EndProject
Project("{FAE04EC0-301F-11D3-BF4B-00C04F79EFBC}") = "C4rm4x.Tools.TestUtilities", "C4rm4x.Tools.TestUtilities\C4rm4x.Tools.TestUtilities.csproj", "{593EC069-3961-47F7-BBEE-E41B3A5C30C1}"
EndProject
Project("{FAE04EC0-301F-11D3-BF4B-00C04F79EFBC}") = "C4rm4x.Tools.TestUtilities.Integration.Extensions", "C4rm4x.Tools.TestUtilities.Integration.Extensions\C4rm4x.Tools.TestUtilities.Integration.Extensions.csproj", "{3FC57B0A-82B4-407A-9F33-FED08754878F}"
EndProject
Project("{FAE04EC0-301F-11D3-BF4B-00C04F79EFBC}") = "C4rm4x.Tools.HttpUtilities", "C4rm4x.Tools.HttpUtilities\C4rm4x.Tools.HttpUtilities.csproj", "{82523990-15BE-4C08-94F5-CBD59CBBB351}"
EndProject
Project("{FAE04EC0-301F-11D3-BF4B-00C04F79EFBC}") = "C4rm4x.Tools.HttpUtilities.Test", "C4rm4x.Tools.HttpUtilities.Test\C4rm4x.Tools.HttpUtilities.Test.csproj", "{E5C0AA29-D7B1-4BC4-BD27-2DF7C3B9853E}"
EndProject
Project("{FAE04EC0-301F-11D3-BF4B-00C04F79EFBC}") = "C4rm4x.Tools.Security.Jwt", "C4rm4x.Tools.Security.Jwt\C4rm4x.Tools.Security.Jwt.csproj", "{4E22F850-5A7D-40C3-8B7A-72186777DBC9}"
EndProject
Project("{FAE04EC0-301F-11D3-BF4B-00C04F79EFBC}") = "C4rm4x.Tools.Security.Jwt.Test", "C4rm4x.Tools.Security.Jwt.Test\C4rm4x.Tools.Security.Jwt.Test.csproj", "{9239DA6A-4F57-4626-BB52-6BA3606DEEE4}"
EndProject
Project("{FAE04EC0-301F-11D3-BF4B-00C04F79EFBC}") = "C4rm4x.Tools.Auditing", "C4rm4x.Tools.Auditing\C4rm4x.Tools.Auditing.csproj", "{B2C9A2A8-B62E-48DE-8355-93DCE56B8AFD}"
EndProject
Project("{FAE04EC0-301F-11D3-BF4B-00C04F79EFBC}") = "C4rm4x.Tools.Auditing.Test", "C4rm4x.Tools.Auditing.Test\C4rm4x.Tools.Auditing.Test.csproj", "{69837B13-EEF8-4900-8021-FFA4C6CD7A9E}"
EndProject
Project("{FAE04EC0-301F-11D3-BF4B-00C04F79EFBC}") = "C4rm4x.Tools.HttpUtilities.Acl.Extensions", "C4rm4x.Tools.HttpUtilities.Acl.Extensions\C4rm4x.Tools.HttpUtilities.Acl.Extensions.csproj", "{43C6AE52-9478-413F-8DDC-F4A4E0023870}"
EndProject
Project("{FAE04EC0-301F-11D3-BF4B-00C04F79EFBC}") = "C4rm4x.Tools.HttpUtilities.Acl.Extensions.Test", "C4rm4x.Tools.HttpUtilities.Acl.Extensions.Test\C4rm4x.Tools.HttpUtilities.Acl.Extensions.Test.csproj", "{FBC16DCB-937B-42E3-8619-494D96135349}"
EndProject
Project("{FAE04EC0-301F-11D3-BF4B-00C04F79EFBC}") = "C4rm4x.Tools.Security.Acl", "C4rm4x.Tools.Security.Acl\C4rm4x.Tools.Security.Acl.csproj", "{98F348A8-39D3-4395-B2BD-753A33611DF3}"
EndProject
Project("{FAE04EC0-301F-11D3-BF4B-00C04F79EFBC}") = "C4rm4x.Tools.Security.Acl.Test", "C4rm4x.Tools.Security.Acl.Test\C4rm4x.Tools.Security.Acl.Test.csproj", "{B9841E40-1E4F-48DF-B9FB-4344B04CB67A}"
EndProject
Project("{FAE04EC0-301F-11D3-BF4B-00C04F79EFBC}") = "C4rm4x.Tools.ServiceBus", "C4rm4x.Tools.ServiceBus\C4rm4x.Tools.ServiceBus.csproj", "{33E846AF-0A5B-47DC-821B-C8298837C89C}"
EndProject
Project("{FAE04EC0-301F-11D3-BF4B-00C04F79EFBC}") = "C4rm4x.Tools.ServiceBus.Test", "C4rm4x.Tools.ServiceBus.Test\C4rm4x.Tools.ServiceBus.Test.csproj", "{3058D4BB-9403-468B-A6A2-5A5AEA9867A6}"
EndProject
Project("{FAE04EC0-301F-11D3-BF4B-00C04F79EFBC}") = "C4rm4x.Tools.Messaging", "C4rm4x.Tools.Messaging\C4rm4x.Tools.Messaging.csproj", "{8D5EFB0A-4ADC-4E8E-9796-2EAC5D1E3C92}"
EndProject
Project("{FAE04EC0-301F-11D3-BF4B-00C04F79EFBC}") = "C4rm4x.Tools.TestUtilities.Bdd", "C4rm4x.Tools.TestUtilities.Bdd\C4rm4x.Tools.TestUtilities.Bdd.csproj", "{0A79837C-5E90-451F-A767-7BAEDDFE1BAA}"
EndProject
Project("{FAE04EC0-301F-11D3-BF4B-00C04F79EFBC}") = "C4rm4x.Tools.TestUtilities.EF", "C4rm4x.Tools.TestUtilities.EF\C4rm4x.Tools.TestUtilities.EF.csproj", "{ED58F0F9-C13F-413C-911D-2B381B85257D}"
EndProject
Project("{FAE04EC0-301F-11D3-BF4B-00C04F79EFBC}") = "C4rm4x.Tools.AzureQueue", "C4rm4x.Tools.AzureQueue\C4rm4x.Tools.AzureQueue.csproj", "{EFC37B6E-C756-4711-AF66-AFC760C34560}"
EndProject
Project("{FAE04EC0-301F-11D3-BF4B-00C04F79EFBC}") = "C4rm4x.Tools.AzureQueue.Test", "C4rm4x.Tools.AzureQueue.Test\C4rm4x.Tools.AzureQueue.Test.csproj", "{ACBDB448-A4D6-47E8-8085-6B422BC317A7}"
EndProject
Project("{FAE04EC0-301F-11D3-BF4B-00C04F79EFBC}") = "C4rm4x.Tools.ADOUtilities", "C4rm4x.Tools.ADOUtilities\C4rm4x.Tools.ADOUtilities.csproj", "{D1CA9713-D3B3-421F-BDC7-43FB0D3F1FFC}"
EndProject
Project("{FAE04EC0-301F-11D3-BF4B-00C04F79EFBC}") = "C4rm4x.Tools.ADOUtilities.Test", "C4rm4x.Tools.ADOUtilities.Test\C4rm4x.Tools.ADOUtilities.Test.csproj", "{295912CF-CA8F-48D8-9D64-981FA875680E}"
EndProject
Project("{FAE04EC0-301F-11D3-BF4B-00C04F79EFBC}") = "C4rm4x.Tools.Cryptography", "C4rm4x.Tools.Cryptography\C4rm4x.Tools.Cryptography.csproj", "{98C2F2AB-FA6F-4777-ABAA-BEDAAAB1A09B}"
EndProject
Project("{FAE04EC0-301F-11D3-BF4B-00C04F79EFBC}") = "C4rm4x.Tools.Cryptography.Test", "C4rm4x.Tools.Cryptography.Test\C4rm4x.Tools.Cryptography.Test.csproj", "{3A8E409B-6D29-4903-810E-0C9C962CB887}"
EndProject
Global
	GlobalSection(SolutionConfigurationPlatforms) = preSolution
		Debug|Any CPU = Debug|Any CPU
		Release|Any CPU = Release|Any CPU
	EndGlobalSection
	GlobalSection(ProjectConfigurationPlatforms) = postSolution
		{FA3BAA38-4659-4EA0-AB24-98DF3DA09F7F}.Debug|Any CPU.ActiveCfg = Debug|Any CPU
		{FA3BAA38-4659-4EA0-AB24-98DF3DA09F7F}.Debug|Any CPU.Build.0 = Debug|Any CPU
		{FA3BAA38-4659-4EA0-AB24-98DF3DA09F7F}.Release|Any CPU.ActiveCfg = Release|Any CPU
		{FA3BAA38-4659-4EA0-AB24-98DF3DA09F7F}.Release|Any CPU.Build.0 = Release|Any CPU
		{A02CDAFE-F57E-49B7-9A4F-96B50487C5CB}.Debug|Any CPU.ActiveCfg = Debug|Any CPU
		{A02CDAFE-F57E-49B7-9A4F-96B50487C5CB}.Debug|Any CPU.Build.0 = Debug|Any CPU
		{A02CDAFE-F57E-49B7-9A4F-96B50487C5CB}.Release|Any CPU.ActiveCfg = Release|Any CPU
		{A02CDAFE-F57E-49B7-9A4F-96B50487C5CB}.Release|Any CPU.Build.0 = Release|Any CPU
		{593EC069-3961-47F7-BBEE-E41B3A5C30C1}.Debug|Any CPU.ActiveCfg = Debug|Any CPU
		{593EC069-3961-47F7-BBEE-E41B3A5C30C1}.Debug|Any CPU.Build.0 = Debug|Any CPU
		{593EC069-3961-47F7-BBEE-E41B3A5C30C1}.Release|Any CPU.ActiveCfg = Release|Any CPU
		{593EC069-3961-47F7-BBEE-E41B3A5C30C1}.Release|Any CPU.Build.0 = Release|Any CPU
		{3FC57B0A-82B4-407A-9F33-FED08754878F}.Debug|Any CPU.ActiveCfg = Debug|Any CPU
		{3FC57B0A-82B4-407A-9F33-FED08754878F}.Debug|Any CPU.Build.0 = Debug|Any CPU
		{3FC57B0A-82B4-407A-9F33-FED08754878F}.Release|Any CPU.ActiveCfg = Release|Any CPU
		{3FC57B0A-82B4-407A-9F33-FED08754878F}.Release|Any CPU.Build.0 = Release|Any CPU
		{82523990-15BE-4C08-94F5-CBD59CBBB351}.Debug|Any CPU.ActiveCfg = Debug|Any CPU
		{82523990-15BE-4C08-94F5-CBD59CBBB351}.Debug|Any CPU.Build.0 = Debug|Any CPU
		{82523990-15BE-4C08-94F5-CBD59CBBB351}.Release|Any CPU.ActiveCfg = Release|Any CPU
		{82523990-15BE-4C08-94F5-CBD59CBBB351}.Release|Any CPU.Build.0 = Release|Any CPU
		{E5C0AA29-D7B1-4BC4-BD27-2DF7C3B9853E}.Debug|Any CPU.ActiveCfg = Debug|Any CPU
		{E5C0AA29-D7B1-4BC4-BD27-2DF7C3B9853E}.Debug|Any CPU.Build.0 = Debug|Any CPU
		{E5C0AA29-D7B1-4BC4-BD27-2DF7C3B9853E}.Release|Any CPU.ActiveCfg = Release|Any CPU
		{E5C0AA29-D7B1-4BC4-BD27-2DF7C3B9853E}.Release|Any CPU.Build.0 = Release|Any CPU
		{4E22F850-5A7D-40C3-8B7A-72186777DBC9}.Debug|Any CPU.ActiveCfg = Debug|Any CPU
		{4E22F850-5A7D-40C3-8B7A-72186777DBC9}.Debug|Any CPU.Build.0 = Debug|Any CPU
		{4E22F850-5A7D-40C3-8B7A-72186777DBC9}.Release|Any CPU.ActiveCfg = Release|Any CPU
		{4E22F850-5A7D-40C3-8B7A-72186777DBC9}.Release|Any CPU.Build.0 = Release|Any CPU
		{9239DA6A-4F57-4626-BB52-6BA3606DEEE4}.Debug|Any CPU.ActiveCfg = Debug|Any CPU
		{9239DA6A-4F57-4626-BB52-6BA3606DEEE4}.Debug|Any CPU.Build.0 = Debug|Any CPU
		{9239DA6A-4F57-4626-BB52-6BA3606DEEE4}.Release|Any CPU.ActiveCfg = Release|Any CPU
		{9239DA6A-4F57-4626-BB52-6BA3606DEEE4}.Release|Any CPU.Build.0 = Release|Any CPU
		{B2C9A2A8-B62E-48DE-8355-93DCE56B8AFD}.Debug|Any CPU.ActiveCfg = Debug|Any CPU
		{B2C9A2A8-B62E-48DE-8355-93DCE56B8AFD}.Debug|Any CPU.Build.0 = Debug|Any CPU
		{B2C9A2A8-B62E-48DE-8355-93DCE56B8AFD}.Release|Any CPU.ActiveCfg = Release|Any CPU
		{B2C9A2A8-B62E-48DE-8355-93DCE56B8AFD}.Release|Any CPU.Build.0 = Release|Any CPU
		{69837B13-EEF8-4900-8021-FFA4C6CD7A9E}.Debug|Any CPU.ActiveCfg = Debug|Any CPU
		{69837B13-EEF8-4900-8021-FFA4C6CD7A9E}.Debug|Any CPU.Build.0 = Debug|Any CPU
		{69837B13-EEF8-4900-8021-FFA4C6CD7A9E}.Release|Any CPU.ActiveCfg = Release|Any CPU
		{69837B13-EEF8-4900-8021-FFA4C6CD7A9E}.Release|Any CPU.Build.0 = Release|Any CPU
		{43C6AE52-9478-413F-8DDC-F4A4E0023870}.Debug|Any CPU.ActiveCfg = Debug|Any CPU
		{43C6AE52-9478-413F-8DDC-F4A4E0023870}.Debug|Any CPU.Build.0 = Debug|Any CPU
		{43C6AE52-9478-413F-8DDC-F4A4E0023870}.Release|Any CPU.ActiveCfg = Release|Any CPU
		{43C6AE52-9478-413F-8DDC-F4A4E0023870}.Release|Any CPU.Build.0 = Release|Any CPU
		{FBC16DCB-937B-42E3-8619-494D96135349}.Debug|Any CPU.ActiveCfg = Debug|Any CPU
		{FBC16DCB-937B-42E3-8619-494D96135349}.Debug|Any CPU.Build.0 = Debug|Any CPU
		{FBC16DCB-937B-42E3-8619-494D96135349}.Release|Any CPU.ActiveCfg = Release|Any CPU
		{FBC16DCB-937B-42E3-8619-494D96135349}.Release|Any CPU.Build.0 = Release|Any CPU
		{98F348A8-39D3-4395-B2BD-753A33611DF3}.Debug|Any CPU.ActiveCfg = Debug|Any CPU
		{98F348A8-39D3-4395-B2BD-753A33611DF3}.Debug|Any CPU.Build.0 = Debug|Any CPU
		{98F348A8-39D3-4395-B2BD-753A33611DF3}.Release|Any CPU.ActiveCfg = Release|Any CPU
		{98F348A8-39D3-4395-B2BD-753A33611DF3}.Release|Any CPU.Build.0 = Release|Any CPU
		{B9841E40-1E4F-48DF-B9FB-4344B04CB67A}.Debug|Any CPU.ActiveCfg = Debug|Any CPU
		{B9841E40-1E4F-48DF-B9FB-4344B04CB67A}.Debug|Any CPU.Build.0 = Debug|Any CPU
		{B9841E40-1E4F-48DF-B9FB-4344B04CB67A}.Release|Any CPU.ActiveCfg = Release|Any CPU
		{B9841E40-1E4F-48DF-B9FB-4344B04CB67A}.Release|Any CPU.Build.0 = Release|Any CPU
		{33E846AF-0A5B-47DC-821B-C8298837C89C}.Debug|Any CPU.ActiveCfg = Debug|Any CPU
		{33E846AF-0A5B-47DC-821B-C8298837C89C}.Debug|Any CPU.Build.0 = Debug|Any CPU
		{33E846AF-0A5B-47DC-821B-C8298837C89C}.Release|Any CPU.ActiveCfg = Release|Any CPU
		{33E846AF-0A5B-47DC-821B-C8298837C89C}.Release|Any CPU.Build.0 = Release|Any CPU
		{3058D4BB-9403-468B-A6A2-5A5AEA9867A6}.Debug|Any CPU.ActiveCfg = Debug|Any CPU
		{3058D4BB-9403-468B-A6A2-5A5AEA9867A6}.Debug|Any CPU.Build.0 = Debug|Any CPU
		{3058D4BB-9403-468B-A6A2-5A5AEA9867A6}.Release|Any CPU.ActiveCfg = Release|Any CPU
		{3058D4BB-9403-468B-A6A2-5A5AEA9867A6}.Release|Any CPU.Build.0 = Release|Any CPU
		{8D5EFB0A-4ADC-4E8E-9796-2EAC5D1E3C92}.Debug|Any CPU.ActiveCfg = Debug|Any CPU
		{8D5EFB0A-4ADC-4E8E-9796-2EAC5D1E3C92}.Debug|Any CPU.Build.0 = Debug|Any CPU
		{8D5EFB0A-4ADC-4E8E-9796-2EAC5D1E3C92}.Release|Any CPU.ActiveCfg = Release|Any CPU
		{8D5EFB0A-4ADC-4E8E-9796-2EAC5D1E3C92}.Release|Any CPU.Build.0 = Release|Any CPU
		{0A79837C-5E90-451F-A767-7BAEDDFE1BAA}.Debug|Any CPU.ActiveCfg = Debug|Any CPU
		{0A79837C-5E90-451F-A767-7BAEDDFE1BAA}.Debug|Any CPU.Build.0 = Debug|Any CPU
		{0A79837C-5E90-451F-A767-7BAEDDFE1BAA}.Release|Any CPU.ActiveCfg = Release|Any CPU
		{0A79837C-5E90-451F-A767-7BAEDDFE1BAA}.Release|Any CPU.Build.0 = Release|Any CPU
		{ED58F0F9-C13F-413C-911D-2B381B85257D}.Debug|Any CPU.ActiveCfg = Debug|Any CPU
		{ED58F0F9-C13F-413C-911D-2B381B85257D}.Debug|Any CPU.Build.0 = Debug|Any CPU
		{ED58F0F9-C13F-413C-911D-2B381B85257D}.Release|Any CPU.ActiveCfg = Release|Any CPU
		{ED58F0F9-C13F-413C-911D-2B381B85257D}.Release|Any CPU.Build.0 = Release|Any CPU
		{EFC37B6E-C756-4711-AF66-AFC760C34560}.Debug|Any CPU.ActiveCfg = Debug|Any CPU
		{EFC37B6E-C756-4711-AF66-AFC760C34560}.Debug|Any CPU.Build.0 = Debug|Any CPU
		{EFC37B6E-C756-4711-AF66-AFC760C34560}.Release|Any CPU.ActiveCfg = Release|Any CPU
		{EFC37B6E-C756-4711-AF66-AFC760C34560}.Release|Any CPU.Build.0 = Release|Any CPU
		{ACBDB448-A4D6-47E8-8085-6B422BC317A7}.Debug|Any CPU.ActiveCfg = Debug|Any CPU
		{ACBDB448-A4D6-47E8-8085-6B422BC317A7}.Debug|Any CPU.Build.0 = Debug|Any CPU
		{ACBDB448-A4D6-47E8-8085-6B422BC317A7}.Release|Any CPU.ActiveCfg = Release|Any CPU
		{ACBDB448-A4D6-47E8-8085-6B422BC317A7}.Release|Any CPU.Build.0 = Release|Any CPU
		{D1CA9713-D3B3-421F-BDC7-43FB0D3F1FFC}.Debug|Any CPU.ActiveCfg = Debug|Any CPU
		{D1CA9713-D3B3-421F-BDC7-43FB0D3F1FFC}.Debug|Any CPU.Build.0 = Debug|Any CPU
		{D1CA9713-D3B3-421F-BDC7-43FB0D3F1FFC}.Release|Any CPU.ActiveCfg = Release|Any CPU
		{D1CA9713-D3B3-421F-BDC7-43FB0D3F1FFC}.Release|Any CPU.Build.0 = Release|Any CPU
		{295912CF-CA8F-48D8-9D64-981FA875680E}.Debug|Any CPU.ActiveCfg = Debug|Any CPU
		{295912CF-CA8F-48D8-9D64-981FA875680E}.Debug|Any CPU.Build.0 = Debug|Any CPU
		{295912CF-CA8F-48D8-9D64-981FA875680E}.Release|Any CPU.ActiveCfg = Release|Any CPU
		{295912CF-CA8F-48D8-9D64-981FA875680E}.Release|Any CPU.Build.0 = Release|Any CPU
		{98C2F2AB-FA6F-4777-ABAA-BEDAAAB1A09B}.Debug|Any CPU.ActiveCfg = Debug|Any CPU
		{98C2F2AB-FA6F-4777-ABAA-BEDAAAB1A09B}.Debug|Any CPU.Build.0 = Debug|Any CPU
		{98C2F2AB-FA6F-4777-ABAA-BEDAAAB1A09B}.Release|Any CPU.ActiveCfg = Release|Any CPU
		{98C2F2AB-FA6F-4777-ABAA-BEDAAAB1A09B}.Release|Any CPU.Build.0 = Release|Any CPU
		{3A8E409B-6D29-4903-810E-0C9C962CB887}.Debug|Any CPU.ActiveCfg = Debug|Any CPU
		{3A8E409B-6D29-4903-810E-0C9C962CB887}.Debug|Any CPU.Build.0 = Debug|Any CPU
		{3A8E409B-6D29-4903-810E-0C9C962CB887}.Release|Any CPU.ActiveCfg = Release|Any CPU
		{3A8E409B-6D29-4903-810E-0C9C962CB887}.Release|Any CPU.Build.0 = Release|Any CPU
	EndGlobalSection
	GlobalSection(SolutionProperties) = preSolution
		HideSolutionNode = FALSE
	EndGlobalSection
	GlobalSection(NestedProjects) = preSolution
		{A02CDAFE-F57E-49B7-9A4F-96B50487C5CB} = {F252BFEA-9F85-4B29-8AB5-71F821A67E42}
		{E5C0AA29-D7B1-4BC4-BD27-2DF7C3B9853E} = {F252BFEA-9F85-4B29-8AB5-71F821A67E42}
		{9239DA6A-4F57-4626-BB52-6BA3606DEEE4} = {F252BFEA-9F85-4B29-8AB5-71F821A67E42}
		{69837B13-EEF8-4900-8021-FFA4C6CD7A9E} = {F252BFEA-9F85-4B29-8AB5-71F821A67E42}
		{FBC16DCB-937B-42E3-8619-494D96135349} = {F252BFEA-9F85-4B29-8AB5-71F821A67E42}
		{B9841E40-1E4F-48DF-B9FB-4344B04CB67A} = {F252BFEA-9F85-4B29-8AB5-71F821A67E42}
		{3058D4BB-9403-468B-A6A2-5A5AEA9867A6} = {F252BFEA-9F85-4B29-8AB5-71F821A67E42}
		{ACBDB448-A4D6-47E8-8085-6B422BC317A7} = {F252BFEA-9F85-4B29-8AB5-71F821A67E42}
		{295912CF-CA8F-48D8-9D64-981FA875680E} = {F252BFEA-9F85-4B29-8AB5-71F821A67E42}
		{3A8E409B-6D29-4903-810E-0C9C962CB887} = {F252BFEA-9F85-4B29-8AB5-71F821A67E42}
	EndGlobalSection
EndGlobal
